// !$*UTF8*$!
{
	archiveVersion = 1;
	classes = {
	};
	objectVersion = 50;
	objects = {

/* Begin PBXBuildFile section */
		366D5C7F24CEA693006D0058 /* AppDelegate.swift in Sources */ = {isa = PBXBuildFile; fileRef = 366D5C7E24CEA693006D0058 /* AppDelegate.swift */; };
		366D5C8124CEA693006D0058 /* SceneDelegate.swift in Sources */ = {isa = PBXBuildFile; fileRef = 366D5C8024CEA693006D0058 /* SceneDelegate.swift */; };
		366D5C8324CEA693006D0058 /* LoginViewController.swift in Sources */ = {isa = PBXBuildFile; fileRef = 366D5C8224CEA693006D0058 /* LoginViewController.swift */; };
		366D5C8624CEA693006D0058 /* Main.storyboard in Resources */ = {isa = PBXBuildFile; fileRef = 366D5C8424CEA693006D0058 /* Main.storyboard */; };
		366D5C8824CEA699006D0058 /* Assets.xcassets in Resources */ = {isa = PBXBuildFile; fileRef = 366D5C8724CEA699006D0058 /* Assets.xcassets */; };
		366D5C8B24CEA699006D0058 /* LaunchScreen.storyboard in Resources */ = {isa = PBXBuildFile; fileRef = 366D5C8924CEA699006D0058 /* LaunchScreen.storyboard */; };
		366D5C9624CEB2F7006D0058 /* LoginPresenter.swift in Sources */ = {isa = PBXBuildFile; fileRef = 366D5C9524CEB2F7006D0058 /* LoginPresenter.swift */; };
		366D5C9924CEB367006D0058 /* APIManager.swift in Sources */ = {isa = PBXBuildFile; fileRef = 366D5C9824CEB367006D0058 /* APIManager.swift */; };
		366D5C9C24CEB3C5006D0058 /* Constants.swift in Sources */ = {isa = PBXBuildFile; fileRef = 366D5C9B24CEB3C5006D0058 /* Constants.swift */; };
		366D5C9E24CEB66B006D0058 /* LoginRequest.swift in Sources */ = {isa = PBXBuildFile; fileRef = 366D5C9D24CEB66B006D0058 /* LoginRequest.swift */; };
		366D5CA024CEBCD0006D0058 /* Extensions.swift in Sources */ = {isa = PBXBuildFile; fileRef = 366D5C9F24CEBCD0006D0058 /* Extensions.swift */; };
		366D5CA224CED576006D0058 /* LoginResponse.swift in Sources */ = {isa = PBXBuildFile; fileRef = 366D5CA124CED576006D0058 /* LoginResponse.swift */; };
		366D5CA624CEE409006D0058 /* TreeViewController.swift in Sources */ = {isa = PBXBuildFile; fileRef = 366D5CA524CEE409006D0058 /* TreeViewController.swift */; };
		366D5CA824CEE51A006D0058 /* Enums.swift in Sources */ = {isa = PBXBuildFile; fileRef = 366D5CA724CEE51A006D0058 /* Enums.swift */; };
		366D5CB024D3E967006D0058 /* NodeView.swift in Sources */ = {isa = PBXBuildFile; fileRef = 366D5CAF24D3E967006D0058 /* NodeView.swift */; };
		366D5CB224D3E97A006D0058 /* NodeView.xib in Resources */ = {isa = PBXBuildFile; fileRef = 366D5CB124D3E97A006D0058 /* NodeView.xib */; };
		366D5CB724D58C77006D0058 /* TreePresenter.swift in Sources */ = {isa = PBXBuildFile; fileRef = 366D5CB624D58C76006D0058 /* TreePresenter.swift */; };
		3FBF9C0F6CD6C7E809A14175 /* Pods_Worktable_Test.framework in Frameworks */ = {isa = PBXBuildFile; fileRef = DA11260EE79581D85F49960C /* Pods_Worktable_Test.framework */; };
/* End PBXBuildFile section */

/* Begin PBXFileReference section */
		366D5C7B24CEA693006D0058 /* Worktable-Test.app */ = {isa = PBXFileReference; explicitFileType = wrapper.application; includeInIndex = 0; path = "Worktable-Test.app"; sourceTree = BUILT_PRODUCTS_DIR; };
		366D5C7E24CEA693006D0058 /* AppDelegate.swift */ = {isa = PBXFileReference; lastKnownFileType = sourcecode.swift; path = AppDelegate.swift; sourceTree = "<group>"; };
		366D5C8024CEA693006D0058 /* SceneDelegate.swift */ = {isa = PBXFileReference; lastKnownFileType = sourcecode.swift; path = SceneDelegate.swift; sourceTree = "<group>"; };
		366D5C8224CEA693006D0058 /* LoginViewController.swift */ = {isa = PBXFileReference; lastKnownFileType = sourcecode.swift; path = LoginViewController.swift; sourceTree = "<group>"; };
		366D5C8524CEA693006D0058 /* Base */ = {isa = PBXFileReference; lastKnownFileType = file.storyboard; name = Base; path = Base.lproj/Main.storyboard; sourceTree = "<group>"; };
		366D5C8724CEA699006D0058 /* Assets.xcassets */ = {isa = PBXFileReference; lastKnownFileType = folder.assetcatalog; path = Assets.xcassets; sourceTree = "<group>"; };
		366D5C8A24CEA699006D0058 /* Base */ = {isa = PBXFileReference; lastKnownFileType = file.storyboard; name = Base; path = Base.lproj/LaunchScreen.storyboard; sourceTree = "<group>"; };
		366D5C8C24CEA699006D0058 /* Info.plist */ = {isa = PBXFileReference; lastKnownFileType = text.plist.xml; path = Info.plist; sourceTree = "<group>"; };
		366D5C9524CEB2F7006D0058 /* LoginPresenter.swift */ = {isa = PBXFileReference; lastKnownFileType = sourcecode.swift; path = LoginPresenter.swift; sourceTree = "<group>"; };
		366D5C9824CEB367006D0058 /* APIManager.swift */ = {isa = PBXFileReference; lastKnownFileType = sourcecode.swift; path = APIManager.swift; sourceTree = "<group>"; };
		366D5C9B24CEB3C5006D0058 /* Constants.swift */ = {isa = PBXFileReference; lastKnownFileType = sourcecode.swift; path = Constants.swift; sourceTree = "<group>"; };
		366D5C9D24CEB66B006D0058 /* LoginRequest.swift */ = {isa = PBXFileReference; lastKnownFileType = sourcecode.swift; path = LoginRequest.swift; sourceTree = "<group>"; };
		366D5C9F24CEBCD0006D0058 /* Extensions.swift */ = {isa = PBXFileReference; lastKnownFileType = sourcecode.swift; path = Extensions.swift; sourceTree = "<group>"; };
		366D5CA124CED576006D0058 /* LoginResponse.swift */ = {isa = PBXFileReference; lastKnownFileType = sourcecode.swift; path = LoginResponse.swift; sourceTree = "<group>"; };
		366D5CA524CEE409006D0058 /* TreeViewController.swift */ = {isa = PBXFileReference; lastKnownFileType = sourcecode.swift; path = TreeViewController.swift; sourceTree = "<group>"; };
		366D5CA724CEE51A006D0058 /* Enums.swift */ = {isa = PBXFileReference; lastKnownFileType = sourcecode.swift; path = Enums.swift; sourceTree = "<group>"; };
		366D5CAF24D3E967006D0058 /* NodeView.swift */ = {isa = PBXFileReference; lastKnownFileType = sourcecode.swift; path = NodeView.swift; sourceTree = "<group>"; };
		366D5CB124D3E97A006D0058 /* NodeView.xib */ = {isa = PBXFileReference; lastKnownFileType = file.xib; path = NodeView.xib; sourceTree = "<group>"; };
		366D5CB624D58C76006D0058 /* TreePresenter.swift */ = {isa = PBXFileReference; lastKnownFileType = sourcecode.swift; path = TreePresenter.swift; sourceTree = "<group>"; };
		63C73C74623FCA5D11BB90E5 /* Pods-Worktable-Test.release.xcconfig */ = {isa = PBXFileReference; includeInIndex = 1; lastKnownFileType = text.xcconfig; name = "Pods-Worktable-Test.release.xcconfig"; path = "Target Support Files/Pods-Worktable-Test/Pods-Worktable-Test.release.xcconfig"; sourceTree = "<group>"; };
		838C794F3ADFE6DAE5032E82 /* Pods-Worktable-Test.debug.xcconfig */ = {isa = PBXFileReference; includeInIndex = 1; lastKnownFileType = text.xcconfig; name = "Pods-Worktable-Test.debug.xcconfig"; path = "Target Support Files/Pods-Worktable-Test/Pods-Worktable-Test.debug.xcconfig"; sourceTree = "<group>"; };
		DA11260EE79581D85F49960C /* Pods_Worktable_Test.framework */ = {isa = PBXFileReference; explicitFileType = wrapper.framework; includeInIndex = 0; path = Pods_Worktable_Test.framework; sourceTree = BUILT_PRODUCTS_DIR; };
/* End PBXFileReference section */

/* Begin PBXFrameworksBuildPhase section */
		366D5C7824CEA693006D0058 /* Frameworks */ = {
			isa = PBXFrameworksBuildPhase;
			buildActionMask = 2147483647;
			files = (
				3FBF9C0F6CD6C7E809A14175 /* Pods_Worktable_Test.framework in Frameworks */,
			);
			runOnlyForDeploymentPostprocessing = 0;
		};
/* End PBXFrameworksBuildPhase section */

/* Begin PBXGroup section */
		0045CFEFF083DFAEA2B28096 /* Frameworks */ = {
			isa = PBXGroup;
			children = (
				DA11260EE79581D85F49960C /* Pods_Worktable_Test.framework */,
			);
			name = Frameworks;
			sourceTree = "<group>";
		};
		366D5C7224CEA693006D0058 = {
			isa = PBXGroup;
			children = (
				366D5C7D24CEA693006D0058 /* Worktable-Test */,
				366D5C7C24CEA693006D0058 /* Products */,
				59D16562C84998E93D4193EE /* Pods */,
				0045CFEFF083DFAEA2B28096 /* Frameworks */,
			);
			sourceTree = "<group>";
		};
		366D5C7C24CEA693006D0058 /* Products */ = {
			isa = PBXGroup;
			children = (
				366D5C7B24CEA693006D0058 /* Worktable-Test.app */,
			);
			name = Products;
			sourceTree = "<group>";
		};
		366D5C7D24CEA693006D0058 /* Worktable-Test */ = {
			isa = PBXGroup;
			children = (
				366D5C9324CEB2DB006D0058 /* Modules */,
				366D5C9724CEB35B006D0058 /* APIManager */,
				366D5C9224CEB2CA006D0058 /* Delegates */,
				366D5C9A24CEB3B8006D0058 /* Utilities */,
				366D5CB524D56934006D0058 /* Storyboards */,
				366D5C8724CEA699006D0058 /* Assets.xcassets */,
				366D5C8C24CEA699006D0058 /* Info.plist */,
			);
			path = "Worktable-Test";
			sourceTree = "<group>";
		};
		366D5C9224CEB2CA006D0058 /* Delegates */ = {
			isa = PBXGroup;
			children = (
				366D5C7E24CEA693006D0058 /* AppDelegate.swift */,
				366D5C8024CEA693006D0058 /* SceneDelegate.swift */,
			);
			path = Delegates;
			sourceTree = "<group>";
		};
		366D5C9324CEB2DB006D0058 /* Modules */ = {
			isa = PBXGroup;
			children = (
				366D5C9424CEB2E4006D0058 /* Login */,
				366D5CA424CEE3EB006D0058 /* Tree */,
			);
			path = Modules;
			sourceTree = "<group>";
		};
		366D5C9424CEB2E4006D0058 /* Login */ = {
			isa = PBXGroup;
			children = (
				366D5C8224CEA693006D0058 /* LoginViewController.swift */,
				366D5C9524CEB2F7006D0058 /* LoginPresenter.swift */,
				366D5C9D24CEB66B006D0058 /* LoginRequest.swift */,
				366D5CA124CED576006D0058 /* LoginResponse.swift */,
			);
			path = Login;
			sourceTree = "<group>";
		};
		366D5C9724CEB35B006D0058 /* APIManager */ = {
			isa = PBXGroup;
			children = (
				366D5C9824CEB367006D0058 /* APIManager.swift */,
			);
			path = APIManager;
			sourceTree = "<group>";
		};
		366D5C9A24CEB3B8006D0058 /* Utilities */ = {
			isa = PBXGroup;
			children = (
				366D5C9B24CEB3C5006D0058 /* Constants.swift */,
				366D5C9F24CEBCD0006D0058 /* Extensions.swift */,
				366D5CA724CEE51A006D0058 /* Enums.swift */,
			);
			path = Utilities;
			sourceTree = "<group>";
		};
		366D5CA424CEE3EB006D0058 /* Tree */ = {
			isa = PBXGroup;
			children = (
				366D5CA524CEE409006D0058 /* TreeViewController.swift */,
				366D5CB624D58C76006D0058 /* TreePresenter.swift */,
				366D5CAE24D3E944006D0058 /* Views */,
			);
			path = Tree;
			sourceTree = "<group>";
		};
		366D5CAE24D3E944006D0058 /* Views */ = {
			isa = PBXGroup;
			children = (
				366D5CAF24D3E967006D0058 /* NodeView.swift */,
				366D5CB124D3E97A006D0058 /* NodeView.xib */,
			);
			path = Views;
			sourceTree = "<group>";
		};
		366D5CB524D56934006D0058 /* Storyboards */ = {
			isa = PBXGroup;
			children = (
				366D5C8424CEA693006D0058 /* Main.storyboard */,
				366D5C8924CEA699006D0058 /* LaunchScreen.storyboard */,
			);
			path = Storyboards;
			sourceTree = "<group>";
		};
		59D16562C84998E93D4193EE /* Pods */ = {
			isa = PBXGroup;
			children = (
				838C794F3ADFE6DAE5032E82 /* Pods-Worktable-Test.debug.xcconfig */,
				63C73C74623FCA5D11BB90E5 /* Pods-Worktable-Test.release.xcconfig */,
			);
			path = Pods;
			sourceTree = "<group>";
		};
/* End PBXGroup section */

/* Begin PBXNativeTarget section */
		366D5C7A24CEA693006D0058 /* Worktable-Test */ = {
			isa = PBXNativeTarget;
			buildConfigurationList = 366D5C8F24CEA699006D0058 /* Build configuration list for PBXNativeTarget "Worktable-Test" */;
			buildPhases = (
				630BBEA27216C55B0607416A /* [CP] Check Pods Manifest.lock */,
				366D5C7724CEA693006D0058 /* Sources */,
				366D5C7824CEA693006D0058 /* Frameworks */,
				366D5C7924CEA693006D0058 /* Resources */,
			);
			buildRules = (
			);
			dependencies = (
			);
			name = "Worktable-Test";
			productName = "Worktable-Test";
			productReference = 366D5C7B24CEA693006D0058 /* Worktable-Test.app */;
			productType = "com.apple.product-type.application";
		};
/* End PBXNativeTarget section */

/* Begin PBXProject section */
		366D5C7324CEA693006D0058 /* Project object */ = {
			isa = PBXProject;
			attributes = {
				LastSwiftUpdateCheck = 1160;
				LastUpgradeCheck = 1160;
				ORGANIZATIONNAME = Zubair;
				TargetAttributes = {
					366D5C7A24CEA693006D0058 = {
						CreatedOnToolsVersion = 11.6;
					};
				};
			};
			buildConfigurationList = 366D5C7624CEA693006D0058 /* Build configuration list for PBXProject "Worktable-Test" */;
			compatibilityVersion = "Xcode 9.3";
			developmentRegion = en;
			hasScannedForEncodings = 0;
			knownRegions = (
				en,
				Base,
			);
			mainGroup = 366D5C7224CEA693006D0058;
			productRefGroup = 366D5C7C24CEA693006D0058 /* Products */;
			projectDirPath = "";
			projectRoot = "";
			targets = (
				366D5C7A24CEA693006D0058 /* Worktable-Test */,
			);
		};
/* End PBXProject section */

/* Begin PBXResourcesBuildPhase section */
		366D5C7924CEA693006D0058 /* Resources */ = {
			isa = PBXResourcesBuildPhase;
			buildActionMask = 2147483647;
			files = (
				366D5C8B24CEA699006D0058 /* LaunchScreen.storyboard in Resources */,
				366D5CB224D3E97A006D0058 /* NodeView.xib in Resources */,
				366D5C8824CEA699006D0058 /* Assets.xcassets in Resources */,
				366D5C8624CEA693006D0058 /* Main.storyboard in Resources */,
			);
			runOnlyForDeploymentPostprocessing = 0;
		};
/* End PBXResourcesBuildPhase section */

/* Begin PBXShellScriptBuildPhase section */
		630BBEA27216C55B0607416A /* [CP] Check Pods Manifest.lock */ = {
			isa = PBXShellScriptBuildPhase;
			buildActionMask = 2147483647;
			files = (
			);
			inputFileListPaths = (
			);
			inputPaths = (
				"${PODS_PODFILE_DIR_PATH}/Podfile.lock",
				"${PODS_ROOT}/Manifest.lock",
			);
			name = "[CP] Check Pods Manifest.lock";
			outputFileListPaths = (
			);
			outputPaths = (
				"$(DERIVED_FILE_DIR)/Pods-Worktable-Test-checkManifestLockResult.txt",
			);
			runOnlyForDeploymentPostprocessing = 0;
			shellPath = /bin/sh;
			shellScript = "diff \"${PODS_PODFILE_DIR_PATH}/Podfile.lock\" \"${PODS_ROOT}/Manifest.lock\" > /dev/null\nif [ $? != 0 ] ; then\n    # print error to STDERR\n    echo \"error: The sandbox is not in sync with the Podfile.lock. Run 'pod install' or update your CocoaPods installation.\" >&2\n    exit 1\nfi\n# This output is used by Xcode 'outputs' to avoid re-running this script phase.\necho \"SUCCESS\" > \"${SCRIPT_OUTPUT_FILE_0}\"\n";
			showEnvVarsInLog = 0;
		};
/* End PBXShellScriptBuildPhase section */

/* Begin PBXSourcesBuildPhase section */
		366D5C7724CEA693006D0058 /* Sources */ = {
			isa = PBXSourcesBuildPhase;
			buildActionMask = 2147483647;
			files = (
				366D5C9624CEB2F7006D0058 /* LoginPresenter.swift in Sources */,
				366D5CB024D3E967006D0058 /* NodeView.swift in Sources */,
				366D5C8324CEA693006D0058 /* LoginViewController.swift in Sources */,
				366D5CA624CEE409006D0058 /* TreeViewController.swift in Sources */,
				366D5CA224CED576006D0058 /* LoginResponse.swift in Sources */,
				366D5C9924CEB367006D0058 /* APIManager.swift in Sources */,
				366D5CA024CEBCD0006D0058 /* Extensions.swift in Sources */,
				366D5C7F24CEA693006D0058 /* AppDelegate.swift in Sources */,
				366D5C8124CEA693006D0058 /* SceneDelegate.swift in Sources */,
				366D5C9E24CEB66B006D0058 /* LoginRequest.swift in Sources */,
				366D5C9C24CEB3C5006D0058 /* Constants.swift in Sources */,
				366D5CB724D58C77006D0058 /* TreePresenter.swift in Sources */,
				366D5CA824CEE51A006D0058 /* Enums.swift in Sources */,
			);
			runOnlyForDeploymentPostprocessing = 0;
		};
/* End PBXSourcesBuildPhase section */

/* Begin PBXVariantGroup section */
		366D5C8424CEA693006D0058 /* Main.storyboard */ = {
			isa = PBXVariantGroup;
			children = (
				366D5C8524CEA693006D0058 /* Base */,
			);
			name = Main.storyboard;
			sourceTree = "<group>";
		};
		366D5C8924CEA699006D0058 /* LaunchScreen.storyboard */ = {
			isa = PBXVariantGroup;
			children = (
				366D5C8A24CEA699006D0058 /* Base */,
			);
			name = LaunchScreen.storyboard;
			sourceTree = "<group>";
		};
/* End PBXVariantGroup section */

/* Begin XCBuildConfiguration section */
		366D5C8D24CEA699006D0058 /* Debug */ = {
			isa = XCBuildConfiguration;
			buildSettings = {
				ALWAYS_SEARCH_USER_PATHS = NO;
				CLANG_ANALYZER_NONNULL = YES;
				CLANG_ANALYZER_NUMBER_OBJECT_CONVERSION = YES_AGGRESSIVE;
				CLANG_CXX_LANGUAGE_STANDARD = "gnu++14";
				CLANG_CXX_LIBRARY = "libc++";
				CLANG_ENABLE_MODULES = YES;
				CLANG_ENABLE_OBJC_ARC = YES;
				CLANG_ENABLE_OBJC_WEAK = YES;
				CLANG_WARN_BLOCK_CAPTURE_AUTORELEASING = YES;
				CLANG_WARN_BOOL_CONVERSION = YES;
				CLANG_WARN_COMMA = YES;
				CLANG_WARN_CONSTANT_CONVERSION = YES;
				CLANG_WARN_DEPRECATED_OBJC_IMPLEMENTATIONS = YES;
				CLANG_WARN_DIRECT_OBJC_ISA_USAGE = YES_ERROR;
				CLANG_WARN_DOCUMENTATION_COMMENTS = YES;
				CLANG_WARN_EMPTY_BODY = YES;
				CLANG_WARN_ENUM_CONVERSION = YES;
				CLANG_WARN_INFINITE_RECURSION = YES;
				CLANG_WARN_INT_CONVERSION = YES;
				CLANG_WARN_NON_LITERAL_NULL_CONVERSION = YES;
				CLANG_WARN_OBJC_IMPLICIT_RETAIN_SELF = YES;
				CLANG_WARN_OBJC_LITERAL_CONVERSION = YES;
				CLANG_WARN_OBJC_ROOT_CLASS = YES_ERROR;
				CLANG_WARN_RANGE_LOOP_ANALYSIS = YES;
				CLANG_WARN_STRICT_PROTOTYPES = YES;
				CLANG_WARN_SUSPICIOUS_MOVE = YES;
				CLANG_WARN_UNGUARDED_AVAILABILITY = YES_AGGRESSIVE;
				CLANG_WARN_UNREACHABLE_CODE = YES;
				CLANG_WARN__DUPLICATE_METHOD_MATCH = YES;
				COPY_PHASE_STRIP = NO;
				DEBUG_INFORMATION_FORMAT = dwarf;
				ENABLE_STRICT_OBJC_MSGSEND = YES;
				ENABLE_TESTABILITY = YES;
				GCC_C_LANGUAGE_STANDARD = gnu11;
				GCC_DYNAMIC_NO_PIC = NO;
				GCC_NO_COMMON_BLOCKS = YES;
				GCC_OPTIMIZATION_LEVEL = 0;
				GCC_PREPROCESSOR_DEFINITIONS = (
					"DEBUG=1",
					"$(inherited)",
				);
				GCC_WARN_64_TO_32_BIT_CONVERSION = YES;
				GCC_WARN_ABOUT_RETURN_TYPE = YES_ERROR;
				GCC_WARN_UNDECLARED_SELECTOR = YES;
				GCC_WARN_UNINITIALIZED_AUTOS = YES_AGGRESSIVE;
				GCC_WARN_UNUSED_FUNCTION = YES;
				GCC_WARN_UNUSED_VARIABLE = YES;
				IPHONEOS_DEPLOYMENT_TARGET = 13.6;
				MTL_ENABLE_DEBUG_INFO = INCLUDE_SOURCE;
				MTL_FAST_MATH = YES;
				ONLY_ACTIVE_ARCH = YES;
				SDKROOT = iphoneos;
				SWIFT_ACTIVE_COMPILATION_CONDITIONS = DEBUG;
				SWIFT_OPTIMIZATION_LEVEL = "-Onone";
			};
			name = Debug;
		};
		366D5C8E24CEA699006D0058 /* Release */ = {
			isa = XCBuildConfiguration;
			buildSettings = {
				ALWAYS_SEARCH_USER_PATHS = NO;
				CLANG_ANALYZER_NONNULL = YES;
				CLANG_ANALYZER_NUMBER_OBJECT_CONVERSION = YES_AGGRESSIVE;
				CLANG_CXX_LANGUAGE_STANDARD = "gnu++14";
				CLANG_CXX_LIBRARY = "libc++";
				CLANG_ENABLE_MODULES = YES;
				CLANG_ENABLE_OBJC_ARC = YES;
				CLANG_ENABLE_OBJC_WEAK = YES;
				CLANG_WARN_BLOCK_CAPTURE_AUTORELEASING = YES;
				CLANG_WARN_BOOL_CONVERSION = YES;
				CLANG_WARN_COMMA = YES;
				CLANG_WARN_CONSTANT_CONVERSION = YES;
				CLANG_WARN_DEPRECATED_OBJC_IMPLEMENTATIONS = YES;
				CLANG_WARN_DIRECT_OBJC_ISA_USAGE = YES_ERROR;
				CLANG_WARN_DOCUMENTATION_COMMENTS = YES;
				CLANG_WARN_EMPTY_BODY = YES;
				CLANG_WARN_ENUM_CONVERSION = YES;
				CLANG_WARN_INFINITE_RECURSION = YES;
				CLANG_WARN_INT_CONVERSION = YES;
				CLANG_WARN_NON_LITERAL_NULL_CONVERSION = YES;
				CLANG_WARN_OBJC_IMPLICIT_RETAIN_SELF = YES;
				CLANG_WARN_OBJC_LITERAL_CONVERSION = YES;
				CLANG_WARN_OBJC_ROOT_CLASS = YES_ERROR;
				CLANG_WARN_RANGE_LOOP_ANALYSIS = YES;
				CLANG_WARN_STRICT_PROTOTYPES = YES;
				CLANG_WARN_SUSPICIOUS_MOVE = YES;
				CLANG_WARN_UNGUARDED_AVAILABILITY = YES_AGGRESSIVE;
				CLANG_WARN_UNREACHABLE_CODE = YES;
				CLANG_WARN__DUPLICATE_METHOD_MATCH = YES;
				COPY_PHASE_STRIP = NO;
				DEBUG_INFORMATION_FORMAT = "dwarf-with-dsym";
				ENABLE_NS_ASSERTIONS = NO;
				ENABLE_STRICT_OBJC_MSGSEND = YES;
				GCC_C_LANGUAGE_STANDARD = gnu11;
				GCC_NO_COMMON_BLOCKS = YES;
				GCC_WARN_64_TO_32_BIT_CONVERSION = YES;
				GCC_WARN_ABOUT_RETURN_TYPE = YES_ERROR;
				GCC_WARN_UNDECLARED_SELECTOR = YES;
				GCC_WARN_UNINITIALIZED_AUTOS = YES_AGGRESSIVE;
				GCC_WARN_UNUSED_FUNCTION = YES;
				GCC_WARN_UNUSED_VARIABLE = YES;
				IPHONEOS_DEPLOYMENT_TARGET = 13.6;
				MTL_ENABLE_DEBUG_INFO = NO;
				MTL_FAST_MATH = YES;
				SDKROOT = iphoneos;
				SWIFT_COMPILATION_MODE = wholemodule;
				SWIFT_OPTIMIZATION_LEVEL = "-O";
				VALIDATE_PRODUCT = YES;
			};
			name = Release;
		};
		366D5C9024CEA699006D0058 /* Debug */ = {
			isa = XCBuildConfiguration;
			baseConfigurationReference = 838C794F3ADFE6DAE5032E82 /* Pods-Worktable-Test.debug.xcconfig */;
			buildSettings = {
				ASSETCATALOG_COMPILER_APPICON_NAME = AppIcon;
				CODE_SIGN_STYLE = Automatic;
				DEVELOPMENT_TEAM = A34XSTF567;
				INFOPLIST_FILE = "Worktable-Test/Info.plist";
				IPHONEOS_DEPLOYMENT_TARGET = 12.0;
				LD_RUNPATH_SEARCH_PATHS = (
					"$(inherited)",
					"@executable_path/Frameworks",
				);
				PRODUCT_BUNDLE_IDENTIFIER = "com.zubair.Worktable-Test";
				PRODUCT_NAME = "$(TARGET_NAME)";
				SWIFT_VERSION = 5.0;
				TARGETED_DEVICE_FAMILY = 1;
			};
			name = Debug;
		};
		366D5C9124CEA699006D0058 /* Release */ = {
			isa = XCBuildConfiguration;
			baseConfigurationReference = 63C73C74623FCA5D11BB90E5 /* Pods-Worktable-Test.release.xcconfig */;
			buildSettings = {
				ASSETCATALOG_COMPILER_APPICON_NAME = AppIcon;
				CODE_SIGN_STYLE = Automatic;
				DEVELOPMENT_TEAM = A34XSTF567;
				INFOPLIST_FILE = "Worktable-Test/Info.plist";
				IPHONEOS_DEPLOYMENT_TARGET = 12.0;
				LD_RUNPATH_SEARCH_PATHS = (
					"$(inherited)",
					"@executable_path/Frameworks",
				);
				PRODUCT_BUNDLE_IDENTIFIER = "com.zubair.Worktable-Test";
				PRODUCT_NAME = "$(TARGET_NAME)";
				SWIFT_VERSION = 5.0;
				TARGETED_DEVICE_FAMILY = 1;
			};
			name = Release;
		};
/* End XCBuildConfiguration section */

/* Begin XCConfigurationList section */
		366D5C7624CEA693006D0058 /* Build configuration list for PBXProject "Worktable-Test" */ = {
			isa = XCConfigurationList;
			buildConfigurations = (
				366D5C8D24CEA699006D0058 /* Debug */,
				366D5C8E24CEA699006D0058 /* Release */,
			);
			defaultConfigurationIsVisible = 0;
			defaultConfigurationName = Release;
		};
		366D5C8F24CEA699006D0058 /* Build configuration list for PBXNativeTarget "Worktable-Test" */ = {
			isa = XCConfigurationList;
			buildConfigurations = (
				366D5C9024CEA699006D0058 /* Debug */,
				366D5C9124CEA699006D0058 /* Release */,
			);
			defaultConfigurationIsVisible = 0;
			defaultConfigurationName = Release;
		};
/* End XCConfigurationList section */
	};
	rootObject = 366D5C7324CEA693006D0058 /* Project object */;
}
